
Microsoft Visual Studio Solution File, Format Version 12.00
# Visual Studio Version 16
VisualStudioVersion = 16.0.31005.135
MinimumVisualStudioVersion = 10.0.40219.1
Project("{FAE04EC0-301F-11D3-BF4B-00C04F79EFBC}") = "150221_LinqDemo", "150221_LinqDemo\150221_LinqDemo.csproj", "{3BDCC7E5-8764-401B-A86F-1BA147401803}"
EndProject
Project("{FAE04EC0-301F-11D3-BF4B-00C04F79EFBC}") = "IEnumerableVSIQueryable", "IEnumerableVSIQueryable\IEnumerableVSIQueryable.csproj", "{2579D421-B4B3-4C68-B231-0CCC288E5D76}"
EndProject
Project("{FAE04EC0-301F-11D3-BF4B-00C04F79EFBC}") = "CoolStuffInLinq", "CoolStuffInLinq\CoolStuffInLinq.csproj", "{939AC13C-9BBA-47A4-89F9-A0A986FCC82F}"
EndProject
Global
	GlobalSection(SolutionConfigurationPlatforms) = preSolution
		Debug|Any CPU = Debug|Any CPU
		Release|Any CPU = Release|Any CPU
	EndGlobalSection
	GlobalSection(ProjectConfigurationPlatforms) = postSolution
		{3BDCC7E5-8764-401B-A86F-1BA147401803}.Debug|Any CPU.ActiveCfg = Debug|Any CPU
		{3BDCC7E5-8764-401B-A86F-1BA147401803}.Debug|Any CPU.Build.0 = Debug|Any CPU
		{3BDCC7E5-8764-401B-A86F-1BA147401803}.Release|Any CPU.ActiveCfg = Release|Any CPU
		{3BDCC7E5-8764-401B-A86F-1BA147401803}.Release|Any CPU.Build.0 = Release|Any CPU
		{2579D421-B4B3-4C68-B231-0CCC288E5D76}.Debug|Any CPU.ActiveCfg = Debug|Any CPU
		{2579D421-B4B3-4C68-B231-0CCC288E5D76}.Debug|Any CPU.Build.0 = Debug|Any CPU
		{2579D421-B4B3-4C68-B231-0CCC288E5D76}.Release|Any CPU.ActiveCfg = Release|Any CPU
		{2579D421-B4B3-4C68-B231-0CCC288E5D76}.Release|Any CPU.Build.0 = Release|Any CPU
		{939AC13C-9BBA-47A4-89F9-A0A986FCC82F}.Debug|Any CPU.ActiveCfg = Debug|Any CPU
		{939AC13C-9BBA-47A4-89F9-A0A986FCC82F}.Debug|Any CPU.Build.0 = Debug|Any CPU
		{939AC13C-9BBA-47A4-89F9-A0A986FCC82F}.Release|Any CPU.ActiveCfg = Release|Any CPU
		{939AC13C-9BBA-47A4-89F9-A0A986FCC82F}.Release|Any CPU.Build.0 = Release|Any CPU
	EndGlobalSection
	GlobalSection(SolutionProperties) = preSolution
		HideSolutionNode = FALSE
	EndGlobalSection
	GlobalSection(ExtensibilityGlobals) = postSolution
		SolutionGuid = {B989737F-1347-482F-9039-53BC914A0394}
	EndGlobalSection
EndGlobal
